// !$*UTF8*$!
{
	archiveVersion = 1;
	classes = {
	};
	objectVersion = 46;
	objects = {

/* Begin PBXBuildFile section */
		9C3F17701D12186B00F0269B /* main.c in Sources */ = {isa = PBXBuildFile; fileRef = 9C3F176F1D12186B00F0269B /* main.c */; };
		9C3F177A1D12188E00F0269B /* Client.c in Sources */ = {isa = PBXBuildFile; fileRef = 9C3F17761D12188E00F0269B /* Client.c */; };
		9C3F177B1D12188E00F0269B /* ClientCollection.c in Sources */ = {isa = PBXBuildFile; fileRef = 9C3F17781D12188E00F0269B /* ClientCollection.c */; };
/* End PBXBuildFile section */

/* Begin PBXCopyFilesBuildPhase section */
		9C3F176A1D12186B00F0269B /* CopyFiles */ = {
			isa = PBXCopyFilesBuildPhase;
			buildActionMask = 2147483647;
			dstPath = /usr/share/man/man1/;
			dstSubfolderSpec = 0;
			files = (
			);
			runOnlyForDeploymentPostprocessing = 1;
		};
/* End PBXCopyFilesBuildPhase section */

/* Begin PBXFileReference section */
		9C3F176C1D12186B00F0269B /* ProjetoC */ = {isa = PBXFileReference; explicitFileType = "compiled.mach-o.executable"; includeInIndex = 0; path = ProjetoC; sourceTree = BUILT_PRODUCTS_DIR; };
		9C3F176F1D12186B00F0269B /* main.c */ = {isa = PBXFileReference; lastKnownFileType = sourcecode.c.c; path = main.c; sourceTree = "<group>"; };
		9C3F17761D12188E00F0269B /* Client.c */ = {isa = PBXFileReference; fileEncoding = 4; lastKnownFileType = sourcecode.c.c; path = Client.c; sourceTree = "<group>"; };
		9C3F17771D12188E00F0269B /* Client.h */ = {isa = PBXFileReference; fileEncoding = 4; lastKnownFileType = sourcecode.c.h; path = Client.h; sourceTree = "<group>"; };
		9C3F17781D12188E00F0269B /* ClientCollection.c */ = {isa = PBXFileReference; fileEncoding = 4; lastKnownFileType = sourcecode.c.c; path = ClientCollection.c; sourceTree = "<group>"; };
		9C3F17791D12188E00F0269B /* ClientCollection.h */ = {isa = PBXFileReference; fileEncoding = 4; lastKnownFileType = sourcecode.c.h; path = ClientCollection.h; sourceTree = "<group>"; };
/* End PBXFileReference section */

/* Begin PBXFrameworksBuildPhase section */
		9C3F17691D12186B00F0269B /* Frameworks */ = {
			isa = PBXFrameworksBuildPhase;
			buildActionMask = 2147483647;
			files = (
			);
			runOnlyForDeploymentPostprocessing = 0;
		};
/* End PBXFrameworksBuildPhase section */

/* Begin PBXGroup section */
		9C3F17631D12186B00F0269B = {
			isa = PBXGroup;
			children = (
				9C3F176E1D12186B00F0269B /* ProjetoC */,
				9C3F176D1D12186B00F0269B /* Products */,
			);
			sourceTree = "<group>";
		};
		9C3F176D1D12186B00F0269B /* Products */ = {
			isa = PBXGroup;
			children = (
				9C3F176C1D12186B00F0269B /* ProjetoC */,
			);
			name = Products;
			sourceTree = "<group>";
		};
		9C3F176E1D12186B00F0269B /* ProjetoC */ = {
			isa = PBXGroup;
			children = (
				9C3F176F1D12186B00F0269B /* main.c */,
				9C3F17761D12188E00F0269B /* Client.c */,
				9C3F17771D12188E00F0269B /* Client.h */,
				9C3F17781D12188E00F0269B /* ClientCollection.c */,
				9C3F17791D12188E00F0269B /* ClientCollection.h */,
			);
			path = ProjetoC;
			sourceTree = "<group>";
		};
/* End PBXGroup section */

/* Begin PBXNativeTarget section */
		9C3F176B1D12186B00F0269B /* ProjetoC */ = {
			isa = PBXNativeTarget;
			buildConfigurationList = 9C3F17731D12186B00F0269B /* Build configuration list for PBXNativeTarget "ProjetoC" */;
			buildPhases = (
				9C3F17681D12186B00F0269B /* Sources */,
				9C3F17691D12186B00F0269B /* Frameworks */,
				9C3F176A1D12186B00F0269B /* CopyFiles */,
			);
			buildRules = (
			);
			dependencies = (
			);
			name = ProjetoC;
			productName = ProjetoC;
			productReference = 9C3F176C1D12186B00F0269B /* ProjetoC */;
			productType = "com.apple.product-type.tool";
		};
/* End PBXNativeTarget section */

/* Begin PBXProject section */
		9C3F17641D12186B00F0269B /* Project object */ = {
			isa = PBXProject;
			attributes = {
				LastUpgradeCheck = 0730;
				ORGANIZATIONNAME = "Leandro Silva Soares";
				TargetAttributes = {
					9C3F176B1D12186B00F0269B = {
						CreatedOnToolsVersion = 7.3.1;
					};
				};
			};
			buildConfigurationList = 9C3F17671D12186B00F0269B /* Build configuration list for PBXProject "ProjetoC" */;
			compatibilityVersion = "Xcode 3.2";
			developmentRegion = English;
			hasScannedForEncodings = 0;
			knownRegions = (
				en,
			);
			mainGroup = 9C3F17631D12186B00F0269B;
			productRefGroup = 9C3F176D1D12186B00F0269B /* Products */;
			projectDirPath = "";
			projectRoot = "";
			targets = (
				9C3F176B1D12186B00F0269B /* ProjetoC */,
			);
		};
/* End PBXProject section */

/* Begin PBXSourcesBuildPhase section */
		9C3F17681D12186B00F0269B /* Sources */ = {
			isa = PBXSourcesBuildPhase;
			buildActionMask = 2147483647;
			files = (
				9C3F177B1D12188E00F0269B /* ClientCollection.c in Sources */,
				9C3F177A1D12188E00F0269B /* Client.c in Sources */,
				9C3F17701D12186B00F0269B /* main.c in Sources */,
			);
			runOnlyForDeploymentPostprocessing = 0;
		};
/* End PBXSourcesBuildPhase section */

/* Begin XCBuildConfiguration section */
		9C3F17711D12186B00F0269B /* Debug */ = {
			isa = XCBuildConfiguration;
			buildSettings = {
				ALWAYS_SEARCH_USER_PATHS = NO;
				CLANG_ANALYZER_NONNULL = YES;
				CLANG_CXX_LANGUAGE_STANDARD = "gnu++0x";
				CLANG_CXX_LIBRARY = "libc++";
				CLANG_ENABLE_MODULES = YES;
				CLANG_ENABLE_OBJC_ARC = YES;
				CLANG_WARN_BOOL_CONVERSION = YES;
				CLANG_WARN_CONSTANT_CONVERSION = YES;
				CLANG_WARN_DIRECT_OBJC_ISA_USAGE = YES_ERROR;
				CLANG_WARN_EMPTY_BODY = YES;
				CLANG_WARN_ENUM_CONVERSION = YES;
				CLANG_WARN_INT_CONVERSION = YES;
				CLANG_WARN_OBJC_ROOT_CLASS = YES_ERROR;
				CLANG_WARN_UNREACHABLE_CODE = YES;
				CLANG_WARN__DUPLICATE_METHOD_MATCH = YES;
				CODE_SIGN_IDENTITY = "-";
				COPY_PHASE_STRIP = NO;
				DEBUG_INFORMATION_FORMAT = dwarf;
				ENABLE_STRICT_OBJC_MSGSEND = YES;
				ENABLE_TESTABILITY = YES;
				GCC_C_LANGUAGE_STANDARD = gnu99;
				GCC_DYNAMIC_NO_PIC = NO;
				GCC_NO_COMMON_BLOCKS = YES;
				GCC_OPTIMIZATION_LEVEL = 0;
				GCC_PREPROCESSOR_DEFINITIONS = (
					"DEBUG=1",
					"$(inherited)",
				);
				GCC_WARN_64_TO_32_BIT_CONVERSION = YES;
				GCC_WARN_ABOUT_RETURN_TYPE = YES_ERROR;
				GCC_WARN_UNDECLARED_SELECTOR = YES;
				GCC_WARN_UNINITIALIZED_AUTOS = YES_AGGRESSIVE;
				GCC_WARN_UNUSED_FUNCTION = YES;
				GCC_WARN_UNUSED_VARIABLE = YES;
				MACOSX_DEPLOYMENT_TARGET = 10.11;
				MTL_ENABLE_DEBUG_INFO = YES;
				ONLY_ACTIVE_ARCH = YES;
				SDKROOT = macosx;
			};
			name = Debug;
		};
		9C3F17721D12186B00F0269B /* Release */ = {
			isa = XCBuildConfiguration;
			buildSettings = {
				ALWAYS_SEARCH_USER_PATHS = NO;
				CLANG_ANALYZER_NONNULL = YES;
				CLANG_CXX_LANGUAGE_STANDARD = "gnu++0x";
				CLANG_CXX_LIBRARY = "libc++";
				CLANG_ENABLE_MODULES = YES;
				CLANG_ENABLE_OBJC_ARC = YES;
				CLANG_WARN_BOOL_CONVERSION = YES;
				CLANG_WARN_CONSTANT_CONVERSION = YES;
				CLANG_WARN_DIRECT_OBJC_ISA_USAGE = YES_ERROR;
				CLANG_WARN_EMPTY_BODY = YES;
				CLANG_WARN_ENUM_CONVERSION = YES;
				CLANG_WARN_INT_CONVERSION = YES;
				CLANG_WARN_OBJC_ROOT_CLASS = YES_ERROR;
				CLANG_WARN_UNREACHABLE_CODE = YES;
				CLANG_WARN__DUPLICATE_METHOD_MATCH = YES;
				CODE_SIGN_IDENTITY = "-";
				COPY_PHASE_STRIP = NO;
				DEBUG_INFORMATION_FORMAT = "dwarf-with-dsym";
				ENABLE_NS_ASSERTIONS = NO;
				ENABLE_STRICT_OBJC_MSGSEND = YES;
				GCC_C_LANGUAGE_STANDARD = gnu99;
				GCC_NO_COMMON_BLOCKS = YES;
				GCC_WARN_64_TO_32_BIT_CONVERSION = YES;
				GCC_WARN_ABOUT_RETURN_TYPE = YES_ERROR;
				GCC_WARN_UNDECLARED_SELECTOR = YES;
				GCC_WARN_UNINITIALIZED_AUTOS = YES_AGGRESSIVE;
				GCC_WARN_UNUSED_FUNCTION = YES;
				GCC_WARN_UNUSED_VARIABLE = YES;
				MACOSX_DEPLOYMENT_TARGET = 10.11;
				MTL_ENABLE_DEBUG_INFO = NO;
				SDKROOT = macosx;
			};
			name = Release;
		};
		9C3F17741D12186B00F0269B /* Debug */ = {
			isa = XCBuildConfiguration;
			buildSettings = {
				PRODUCT_NAME = "$(TARGET_NAME)";
			};
			name = Debug;
		};
		9C3F17751D12186B00F0269B /* Release */ = {
			isa = XCBuildConfiguration;
			buildSettings = {
				PRODUCT_NAME = "$(TARGET_NAME)";
			};
			name = Release;
		};
/* End XCBuildConfiguration section */

/* Begin XCConfigurationList section */
		9C3F17671D12186B00F0269B /* Build configuration list for PBXProject "ProjetoC" */ = {
			isa = XCConfigurationList;
			buildConfigurations = (
				9C3F17711D12186B00F0269B /* Debug */,
				9C3F17721D12186B00F0269B /* Release */,
			);
			defaultConfigurationIsVisible = 0;
			defaultConfigurationName = Release;
		};
		9C3F17731D12186B00F0269B /* Build configuration list for PBXNativeTarget "ProjetoC" */ = {
			isa = XCConfigurationList;
			buildConfigurations = (
				9C3F17741D12186B00F0269B /* Debug */,
				9C3F17751D12186B00F0269B /* Release */,
			);
			defaultConfigurationIsVisible = 0;
			defaultConfigurationName = Release;
		};
/* End XCConfigurationList section */
	};
	rootObject = 9C3F17641D12186B00F0269B /* Project object */;
}
